
Microsoft Visual Studio Solution File, Format Version 12.00
# Visual Studio 15
VisualStudioVersion = 15.0.28010.2036
MinimumVisualStudioVersion = 10.0.40219.1
Project("{FAE04EC0-301F-11D3-BF4B-00C04F79EFBC}") = "GetAssemblyVersion", "GetAssemblyVersion\GetAssemblyVersion.csproj", "{DB37E37D-137F-4506-9A09-7BE99BB268EA}"
EndProject
Global
	GlobalSection(SolutionConfigurationPlatforms) = preSolution
		Debug|Any CPU = Debug|Any CPU
		Release|Any CPU = Release|Any CPU
	EndGlobalSection
	GlobalSection(ProjectConfigurationPlatforms) = postSolution
		{DB37E37D-137F-4506-9A09-7BE99BB268EA}.Debug|Any CPU.ActiveCfg = Debug|Any CPU
		{DB37E37D-137F-4506-9A09-7BE99BB268EA}.Debug|Any CPU.Build.0 = Debug|Any CPU
		{DB37E37D-137F-4506-9A09-7BE99BB268EA}.Release|Any CPU.ActiveCfg = Release|Any CPU
		{DB37E37D-137F-4506-9A09-7BE99BB268EA}.Release|Any CPU.Build.0 = Release|Any CPU
	EndGlobalSection
	GlobalSection(SolutionProperties) = preSolution
		HideSolutionNode = FALSE
	EndGlobalSection
	GlobalSection(ExtensibilityGlobals) = postSolution
		SolutionGuid = {BC4DC792-3A33-4CB3-AB15-06C0DD552359}
	EndGlobalSection
EndGlobal
